# THIS IS AN AUTOGENERATED FILE. DO NOT EDIT THIS FILE DIRECTLY.
# yarn lockfile v1


"@types/node@^13.1.8":
  version "13.1.8"
  resolved "https://registry.yarnpkg.com/@types/node/-/node-13.1.8.tgz#1d590429fe8187a02707720ecf38a6fe46ce294b"
  integrity sha512-6XzyyNM9EKQW4HKuzbo/CkOIjn/evtCmsU+MUM1xDfJ+3/rNjBttM1NgN7AOQvN6tP1Sl1D1PIKMreTArnxM9A==

"@types/semver@^6.2.0":
  version "6.2.0"
  resolved "https://registry.yarnpkg.com/@types/semver/-/semver-6.2.0.tgz#d688d574400d96c5b0114968705366f431831e1a"
  integrity sha512-1OzrNb4RuAzIT7wHSsgZRlMBlNsJl+do6UblR7JMW4oB7bbR+uBEYtUh7gEc/jM84GGilh68lSOokyM/zNUlBA==

"@types/shell-quote@^1.6.1":
  version "1.6.1"
  resolved "https://registry.yarnpkg.com/@types/shell-quote/-/shell-quote-1.6.1.tgz#eed0cd93ac3628427d7b44c4550f854f9400e39f"
  integrity sha512-t0bxRLQ75MMF7EeICa1eYC//o1/6gPaUV7ELke4l4OkwpZ9apOzvv2oR5F2PmQJ3tM83Lo+MNKfAXn5gQRMcnA==

async@^2.6.1:
  version "2.6.3"
  resolved "https://registry.yarnpkg.com/async/-/async-2.6.3.tgz#d72625e2344a3656e3a3ad4fa749fa83299d82ff"
  integrity sha512-zflvls11DCy+dQWzTW2dzuilv8Z5X/pjfmZOWba6TNIVDm+2UDaJmXSOXlasHKfNBs8oo3M0aT50fDEWfKZjXg==
  dependencies:
    lodash "^4.17.14"

fp-ts@^2.4.1:
  version "2.4.1"
  resolved "https://registry.yarnpkg.com/fp-ts/-/fp-ts-2.4.1.tgz#d20c785ff8179930922c7477c31f1ca44f763ae9"
  integrity sha512-dPal5+rPN7k4ciZ2+O0+i75bbp17uTUoRkWWqJpkKed7wVcA5y/2jH4ZhunzUrJPuaG+mN9ZNf0pv5P7u/k7JQ==

locate-java-home@^1.1.2:
  version "1.1.2"
  resolved "https://registry.yarnpkg.com/locate-java-home/-/locate-java-home-1.1.2.tgz#8cc6af243ad7ae4e53f0b8c3a671986750f69f36"
  integrity sha512-cyylBBX0lBYYOpWGb5pJED40PZvFVru315HUaArT842bC5681AxOxbuQu0AlcNA+WCUBB+n0OQ21FaCKg9Jx5Q==
  dependencies:
    async "^2.6.1"
    semver "^5.5.1"

lodash@^4.17.14:
  version "4.17.15"
  resolved "https://registry.yarnpkg.com/lodash/-/lodash-4.17.15.tgz#b447f6670a0455bbfeedd11392eff330ea097548"
  integrity sha512-8xOcRHvCjnocdS5cpwXQXVzmmh5e5+saE2QGoeQmbKmRS6J3VQppPOIt0MnmE+4xlZoumy0GPG0D0MVIQbNA1A==

semver@^5.5.1:
  version "5.7.1"
  resolved "https://registry.yarnpkg.com/semver/-/semver-5.7.1.tgz#a954f931aeba508d307bbf069eff0c01c96116f7"
  integrity sha512-sauaDf/PZdVgrLTNYHRtpXa1iRiKcaebiKQ1BJdpQlWH2lCvexQdX55snPFyK7QzpudqbCI0qXFfOasHdyNDGQ==

semver@^7.1.1:
  version "7.1.1"
  resolved "https://registry.yarnpkg.com/semver/-/semver-7.1.1.tgz#29104598a197d6cbe4733eeecbe968f7b43a9667"
  integrity sha512-WfuG+fl6eh3eZ2qAf6goB7nhiCd7NPXhmyFxigB/TOkQyeLP8w8GsVehvtGNtnNmyboz4TgeK40B1Kbql/8c5A==

shell-quote@^1.7.2:
  version "1.7.2"
  resolved "https://registry.yarnpkg.com/shell-quote/-/shell-quote-1.7.2.tgz#67a7d02c76c9da24f99d20808fcaded0e0e04be2"
  integrity sha512-mRz/m/JVscCrkMyPqHc/bczi3OQHkLTqXHEFu0zDhK/qfv3UcOA4SVmRCLmos4bhjr9ekVQubj/R7waKapmiQg==

typescript@^3.7.5:
  version "3.7.5"
  resolved "https://registry.yarnpkg.com/typescript/-/typescript-3.7.5.tgz#0692e21f65fd4108b9330238aac11dd2e177a1ae"
  integrity sha512-/P5lkRXkWHNAbcJIiHPfRoKqyd7bsyCma1hZNUGfn20qm64T6ZBlrzprymeu918H+mB/0rIg2gGK/BXkhhYgBw==
